
Microsoft Visual Studio Solution File, Format Version 11.00
# Visual Studio 2010
Project("{FAE04EC0-301F-11D3-BF4B-00C04F79EFBC}") = "Jarod's Game", "Assembly-CSharp.csproj", "{2D15D7E4-8CB0-2CCE-E751-DD02FB2D1DA2}"
EndProject
Project("{FAE04EC0-301F-11D3-BF4B-00C04F79EFBC}") = "Jarod's Game", "Assembly-CSharp-firstpass.csproj", "{8FC7C48C-B75E-32B0-E571-E01EF01CB279}"
EndProject
Project("{FAE04EC0-301F-11D3-BF4B-00C04F79EFBC}") = "Jarod's Game", "Assembly-CSharp-Editor-firstpass.csproj", "{FFD7C9E9-9C5D-BBDE-D75A-AA2E738152B1}"
EndProject
Global
	GlobalSection(SolutionConfigurationPlatforms) = preSolution
		Debug|Any CPU = Debug|Any CPU
		Release|Any CPU = Release|Any CPU
	EndGlobalSection
	GlobalSection(ProjectConfigurationPlatforms) = postSolution
		{2D15D7E4-8CB0-2CCE-E751-DD02FB2D1DA2}.Debug|Any CPU.ActiveCfg = Debug|Any CPU
		{2D15D7E4-8CB0-2CCE-E751-DD02FB2D1DA2}.Debug|Any CPU.Build.0 = Debug|Any CPU
		{2D15D7E4-8CB0-2CCE-E751-DD02FB2D1DA2}.Release|Any CPU.ActiveCfg = Release|Any CPU
		{2D15D7E4-8CB0-2CCE-E751-DD02FB2D1DA2}.Release|Any CPU.Build.0 = Release|Any CPU
		{8FC7C48C-B75E-32B0-E571-E01EF01CB279}.Debug|Any CPU.ActiveCfg = Debug|Any CPU
		{8FC7C48C-B75E-32B0-E571-E01EF01CB279}.Debug|Any CPU.Build.0 = Debug|Any CPU
		{8FC7C48C-B75E-32B0-E571-E01EF01CB279}.Release|Any CPU.ActiveCfg = Release|Any CPU
		{8FC7C48C-B75E-32B0-E571-E01EF01CB279}.Release|Any CPU.Build.0 = Release|Any CPU
		{FFD7C9E9-9C5D-BBDE-D75A-AA2E738152B1}.Debug|Any CPU.ActiveCfg = Debug|Any CPU
		{FFD7C9E9-9C5D-BBDE-D75A-AA2E738152B1}.Debug|Any CPU.Build.0 = Debug|Any CPU
		{FFD7C9E9-9C5D-BBDE-D75A-AA2E738152B1}.Release|Any CPU.ActiveCfg = Release|Any CPU
		{FFD7C9E9-9C5D-BBDE-D75A-AA2E738152B1}.Release|Any CPU.Build.0 = Release|Any CPU
	EndGlobalSection
	GlobalSection(SolutionProperties) = preSolution
		HideSolutionNode = FALSE
	EndGlobalSection
	GlobalSection(MonoDevelopProperties) = preSolution
		StartupItem = Assembly-CSharp.csproj
	EndGlobalSection
EndGlobal
